
Microsoft Visual Studio Solution File, Format Version 12.00
# Visual Studio Version 16
VisualStudioVersion = 16.0.28803.156
MinimumVisualStudioVersion = 10.0.40219.1
Project("{8BC9CEB8-8B4A-11D0-8D11-00A0C91BC942}") = "Lab5-6", "Lab5-6.vcxproj", "{B9E06E8C-183F-4B21-9CFE-ABAAD7EE3D6A}"
EndProject
Global
	GlobalSection(SolutionConfigurationPlatforms) = preSolution
		Debug|x64 = Debug|x64
		Debug|x86 = Debug|x86
		Release|x64 = Release|x64
		Release|x86 = Release|x86
	EndGlobalSection
	GlobalSection(ProjectConfigurationPlatforms) = postSolution
		{B9E06E8C-183F-4B21-9CFE-ABAAD7EE3D6A}.Debug|x64.ActiveCfg = Debug|x64
		{B9E06E8C-183F-4B21-9CFE-ABAAD7EE3D6A}.Debug|x64.Build.0 = Debug|x64
		{B9E06E8C-183F-4B21-9CFE-ABAAD7EE3D6A}.Debug|x86.ActiveCfg = Debug|Win32
		{B9E06E8C-183F-4B21-9CFE-ABAAD7EE3D6A}.Debug|x86.Build.0 = Debug|Win32
		{B9E06E8C-183F-4B21-9CFE-ABAAD7EE3D6A}.Release|x64.ActiveCfg = Release|x64
		{B9E06E8C-183F-4B21-9CFE-ABAAD7EE3D6A}.Release|x64.Build.0 = Release|x64
		{B9E06E8C-183F-4B21-9CFE-ABAAD7EE3D6A}.Release|x86.ActiveCfg = Release|Win32
		{B9E06E8C-183F-4B21-9CFE-ABAAD7EE3D6A}.Release|x86.Build.0 = Release|Win32
	EndGlobalSection
	GlobalSection(SolutionProperties) = preSolution
		HideSolutionNode = FALSE
	EndGlobalSection
	GlobalSection(ExtensibilityGlobals) = postSolution
		SolutionGuid = {C3D81C23-C9A3-4D27-B168-7C17C5570098}
	EndGlobalSection
EndGlobal
